// !$*UTF8*$!
{
	archiveVersion = 1;
	classes = {
	};
	objectVersion = 46;
	objects = {

/* Begin PBXBuildFile section */
		0E12B3D519EBB1C700A14092 /* Foundation.framework in Frameworks */ = {isa = PBXBuildFile; fileRef = 0E12B3D419EBB1C700A14092 /* Foundation.framework */; };
		0E12B3D719EBB1C700A14092 /* CoreGraphics.framework in Frameworks */ = {isa = PBXBuildFile; fileRef = 0E12B3D619EBB1C700A14092 /* CoreGraphics.framework */; };
		0E12B3D919EBB1C800A14092 /* UIKit.framework in Frameworks */ = {isa = PBXBuildFile; fileRef = 0E12B3D819EBB1C800A14092 /* UIKit.framework */; };
		0E12B3DF19EBB1C800A14092 /* InfoPlist.strings in Resources */ = {isa = PBXBuildFile; fileRef = 0E12B3DD19EBB1C800A14092 /* InfoPlist.strings */; };
		0E12B3E119EBB1C800A14092 /* main.m in Sources */ = {isa = PBXBuildFile; fileRef = 0E12B3E019EBB1C800A14092 /* main.m */; };
		0E12B3E519EBB1C800A14092 /* AppDelegate.m in Sources */ = {isa = PBXBuildFile; fileRef = 0E12B3E419EBB1C800A14092 /* AppDelegate.m */; };
		0E12B3E819EBB1C800A14092 /* Main.storyboard in Resources */ = {isa = PBXBuildFile; fileRef = 0E12B3E619EBB1C800A14092 /* Main.storyboard */; };
		0E12B3EB19EBB1C800A14092 /* ViewController.m in Sources */ = {isa = PBXBuildFile; fileRef = 0E12B3EA19EBB1C800A14092 /* ViewController.m */; };
		0E12B3ED19EBB1C800A14092 /* Images.xcassets in Resources */ = {isa = PBXBuildFile; fileRef = 0E12B3EC19EBB1C800A14092 /* Images.xcassets */; };
		0E12B3F419EBB1C800A14092 /* XCTest.framework in Frameworks */ = {isa = PBXBuildFile; fileRef = 0E12B3F319EBB1C800A14092 /* XCTest.framework */; };
		0E12B3F519EBB1C800A14092 /* Foundation.framework in Frameworks */ = {isa = PBXBuildFile; fileRef = 0E12B3D419EBB1C700A14092 /* Foundation.framework */; };
		0E12B3F619EBB1C800A14092 /* UIKit.framework in Frameworks */ = {isa = PBXBuildFile; fileRef = 0E12B3D819EBB1C800A14092 /* UIKit.framework */; };
		0E12B40F19EBB21D00A14092 /* NetUtils.m in Sources */ = {isa = PBXBuildFile; fileRef = 0E12B40D19EBB21D00A14092 /* NetUtils.m */; };
		0E3F8B1C1A11F68C00EA9095 /* Nginx.m in Sources */ = {isa = PBXBuildFile; fileRef = 0E3F8B1B1A11F68C00EA9095 /* Nginx.m */; };
		0E84D6101A134070004532D6 /* NginxViewController.m in Sources */ = {isa = PBXBuildFile; fileRef = 0E84D60F1A134070004532D6 /* NginxViewController.m */; };
/* End PBXBuildFile section */

/* Begin PBXContainerItemProxy section */
		0E12B3F719EBB1C800A14092 /* PBXContainerItemProxy */ = {
			isa = PBXContainerItemProxy;
			containerPortal = 0E12B3C919EBB1C700A14092 /* Project object */;
			proxyType = 1;
			remoteGlobalIDString = 0E12B3D019EBB1C700A14092;
			remoteInfo = LanScan;
		};
/* End PBXContainerItemProxy section */

/* Begin PBXFileReference section */
		0E12B3D119EBB1C700A14092 /* LanScan.app */ = {isa = PBXFileReference; explicitFileType = wrapper.application; includeInIndex = 0; path = LanScan.app; sourceTree = BUILT_PRODUCTS_DIR; };
		0E12B3D419EBB1C700A14092 /* Foundation.framework */ = {isa = PBXFileReference; lastKnownFileType = wrapper.framework; name = Foundation.framework; path = System/Library/Frameworks/Foundation.framework; sourceTree = SDKROOT; };
		0E12B3D619EBB1C700A14092 /* CoreGraphics.framework */ = {isa = PBXFileReference; lastKnownFileType = wrapper.framework; name = CoreGraphics.framework; path = System/Library/Frameworks/CoreGraphics.framework; sourceTree = SDKROOT; };
		0E12B3D819EBB1C800A14092 /* UIKit.framework */ = {isa = PBXFileReference; lastKnownFileType = wrapper.framework; name = UIKit.framework; path = System/Library/Frameworks/UIKit.framework; sourceTree = SDKROOT; };
		0E12B3DC19EBB1C800A14092 /* LanScan-Info.plist */ = {isa = PBXFileReference; lastKnownFileType = text.plist.xml; path = "LanScan-Info.plist"; sourceTree = "<group>"; };
		0E12B3DE19EBB1C800A14092 /* en */ = {isa = PBXFileReference; lastKnownFileType = text.plist.strings; name = en; path = en.lproj/InfoPlist.strings; sourceTree = "<group>"; };
		0E12B3E019EBB1C800A14092 /* main.m */ = {isa = PBXFileReference; lastKnownFileType = sourcecode.c.objc; path = main.m; sourceTree = "<group>"; };
		0E12B3E219EBB1C800A14092 /* LanScan-Prefix.pch */ = {isa = PBXFileReference; lastKnownFileType = sourcecode.c.h; path = "LanScan-Prefix.pch"; sourceTree = "<group>"; };
		0E12B3E319EBB1C800A14092 /* AppDelegate.h */ = {isa = PBXFileReference; lastKnownFileType = sourcecode.c.h; path = AppDelegate.h; sourceTree = "<group>"; };
		0E12B3E419EBB1C800A14092 /* AppDelegate.m */ = {isa = PBXFileReference; lastKnownFileType = sourcecode.c.objc; path = AppDelegate.m; sourceTree = "<group>"; };
		0E12B3E719EBB1C800A14092 /* Base */ = {isa = PBXFileReference; lastKnownFileType = file.storyboard; name = Base; path = Base.lproj/Main.storyboard; sourceTree = "<group>"; };
		0E12B3E919EBB1C800A14092 /* ViewController.h */ = {isa = PBXFileReference; lastKnownFileType = sourcecode.c.h; path = ViewController.h; sourceTree = "<group>"; };
		0E12B3EA19EBB1C800A14092 /* ViewController.m */ = {isa = PBXFileReference; lastKnownFileType = sourcecode.c.objc; path = ViewController.m; sourceTree = "<group>"; };
		0E12B3EC19EBB1C800A14092 /* Images.xcassets */ = {isa = PBXFileReference; lastKnownFileType = folder.assetcatalog; path = Images.xcassets; sourceTree = "<group>"; };
		0E12B3F219EBB1C800A14092 /* LanScanTests.xctest */ = {isa = PBXFileReference; explicitFileType = wrapper.cfbundle; includeInIndex = 0; path = LanScanTests.xctest; sourceTree = BUILT_PRODUCTS_DIR; };
		0E12B3F319EBB1C800A14092 /* XCTest.framework */ = {isa = PBXFileReference; lastKnownFileType = wrapper.framework; name = XCTest.framework; path = Library/Frameworks/XCTest.framework; sourceTree = DEVELOPER_DIR; };
		0E12B40A19EBB21D00A14092 /* if_arp.h */ = {isa = PBXFileReference; fileEncoding = 4; lastKnownFileType = sourcecode.c.h; path = if_arp.h; sourceTree = "<group>"; };
		0E12B40B19EBB21D00A14092 /* if_ether.h */ = {isa = PBXFileReference; fileEncoding = 4; lastKnownFileType = sourcecode.c.h; path = if_ether.h; sourceTree = "<group>"; };
		0E12B40C19EBB21D00A14092 /* NetUtils.h */ = {isa = PBXFileReference; fileEncoding = 4; lastKnownFileType = sourcecode.c.h; path = NetUtils.h; sourceTree = "<group>"; };
		0E12B40D19EBB21D00A14092 /* NetUtils.m */ = {isa = PBXFileReference; fileEncoding = 4; lastKnownFileType = sourcecode.c.objc; path = NetUtils.m; sourceTree = "<group>"; };
		0E12B40E19EBB21D00A14092 /* route.h */ = {isa = PBXFileReference; fileEncoding = 4; lastKnownFileType = sourcecode.c.h; path = route.h; sourceTree = "<group>"; };
		0E12B41019EBB4D900A14092 /* ip_icmp.h */ = {isa = PBXFileReference; fileEncoding = 4; lastKnownFileType = sourcecode.c.h; path = ip_icmp.h; sourceTree = "<group>"; };
		0E3F8B1A1A11F68C00EA9095 /* Nginx.h */ = {isa = PBXFileReference; fileEncoding = 4; lastKnownFileType = sourcecode.c.h; path = Nginx.h; sourceTree = "<group>"; };
		0E3F8B1B1A11F68C00EA9095 /* Nginx.m */ = {isa = PBXFileReference; fileEncoding = 4; lastKnownFileType = sourcecode.c.objc; path = Nginx.m; sourceTree = "<group>"; };
		0E84D60E1A134070004532D6 /* NginxViewController.h */ = {isa = PBXFileReference; fileEncoding = 4; lastKnownFileType = sourcecode.c.h; path = NginxViewController.h; sourceTree = "<group>"; };
		0E84D60F1A134070004532D6 /* NginxViewController.m */ = {isa = PBXFileReference; fileEncoding = 4; lastKnownFileType = sourcecode.c.objc; path = NginxViewController.m; sourceTree = "<group>"; };
/* End PBXFileReference section */

/* Begin PBXFrameworksBuildPhase section */
		0E12B3CE19EBB1C700A14092 /* Frameworks */ = {
			isa = PBXFrameworksBuildPhase;
			buildActionMask = 2147483647;
			files = (
				0E12B3D719EBB1C700A14092 /* CoreGraphics.framework in Frameworks */,
				0E12B3D919EBB1C800A14092 /* UIKit.framework in Frameworks */,
				0E12B3D519EBB1C700A14092 /* Foundation.framework in Frameworks */,
			);
			runOnlyForDeploymentPostprocessing = 0;
		};
		0E12B3EF19EBB1C800A14092 /* Frameworks */ = {
			isa = PBXFrameworksBuildPhase;
			buildActionMask = 2147483647;
			files = (
				0E12B3F419EBB1C800A14092 /* XCTest.framework in Frameworks */,
				0E12B3F619EBB1C800A14092 /* UIKit.framework in Frameworks */,
				0E12B3F519EBB1C800A14092 /* Foundation.framework in Frameworks */,
			);
			runOnlyForDeploymentPostprocessing = 0;
		};
/* End PBXFrameworksBuildPhase section */

/* Begin PBXGroup section */
		0E12B3C819EBB1C700A14092 = {
			isa = PBXGroup;
			children = (
				0E12B3DA19EBB1C800A14092 /* LanScan */,
				0E12B3D319EBB1C700A14092 /* Frameworks */,
				0E12B3D219EBB1C700A14092 /* Products */,
			);
			sourceTree = "<group>";
		};
		0E12B3D219EBB1C700A14092 /* Products */ = {
			isa = PBXGroup;
			children = (
				0E12B3D119EBB1C700A14092 /* LanScan.app */,
				0E12B3F219EBB1C800A14092 /* LanScanTests.xctest */,
			);
			name = Products;
			sourceTree = "<group>";
		};
		0E12B3D319EBB1C700A14092 /* Frameworks */ = {
			isa = PBXGroup;
			children = (
				0E12B3D419EBB1C700A14092 /* Foundation.framework */,
				0E12B3D619EBB1C700A14092 /* CoreGraphics.framework */,
				0E12B3D819EBB1C800A14092 /* UIKit.framework */,
				0E12B3F319EBB1C800A14092 /* XCTest.framework */,
			);
			name = Frameworks;
			sourceTree = "<group>";
		};
		0E12B3DA19EBB1C800A14092 /* LanScan */ = {
			isa = PBXGroup;
			children = (
				0E12B40919EBB21C00A14092 /* lib */,
				0E12B3E319EBB1C800A14092 /* AppDelegate.h */,
				0E12B3E419EBB1C800A14092 /* AppDelegate.m */,
				0E12B3E619EBB1C800A14092 /* Main.storyboard */,
				0E12B3E919EBB1C800A14092 /* ViewController.h */,
				0E12B3EA19EBB1C800A14092 /* ViewController.m */,
				0E84D60E1A134070004532D6 /* NginxViewController.h */,
				0E84D60F1A134070004532D6 /* NginxViewController.m */,
				0E12B3EC19EBB1C800A14092 /* Images.xcassets */,
				0E12B3DB19EBB1C800A14092 /* Supporting Files */,
			);
			path = LanScan;
			sourceTree = "<group>";
		};
		0E12B3DB19EBB1C800A14092 /* Supporting Files */ = {
			isa = PBXGroup;
			children = (
				0E12B3DC19EBB1C800A14092 /* LanScan-Info.plist */,
				0E12B3DD19EBB1C800A14092 /* InfoPlist.strings */,
				0E12B3E019EBB1C800A14092 /* main.m */,
				0E12B3E219EBB1C800A14092 /* LanScan-Prefix.pch */,
			);
			name = "Supporting Files";
			sourceTree = "<group>";
		};
		0E12B40919EBB21C00A14092 /* lib */ = {
			isa = PBXGroup;
			children = (
				0E3F8B1A1A11F68C00EA9095 /* Nginx.h */,
				0E3F8B1B1A11F68C00EA9095 /* Nginx.m */,
				0E12B41019EBB4D900A14092 /* ip_icmp.h */,
				0E12B40A19EBB21D00A14092 /* if_arp.h */,
				0E12B40B19EBB21D00A14092 /* if_ether.h */,
				0E12B40C19EBB21D00A14092 /* NetUtils.h */,
				0E12B40D19EBB21D00A14092 /* NetUtils.m */,
				0E12B40E19EBB21D00A14092 /* route.h */,
			);
			path = lib;
			sourceTree = "<group>";
		};
/* End PBXGroup section */

/* Begin PBXNativeTarget section */
		0E12B3D019EBB1C700A14092 /* LanScan */ = {
			isa = PBXNativeTarget;
			buildConfigurationList = 0E12B40319EBB1C800A14092 /* Build configuration list for PBXNativeTarget "LanScan" */;
			buildPhases = (
				0E12B3CD19EBB1C700A14092 /* Sources */,
				0E12B3CE19EBB1C700A14092 /* Frameworks */,
				0E12B3CF19EBB1C700A14092 /* Resources */,
			);
			buildRules = (
			);
			dependencies = (
			);
			name = LanScan;
			productName = LanScan;
			productReference = 0E12B3D119EBB1C700A14092 /* LanScan.app */;
			productType = "com.apple.product-type.application";
		};
		0E12B3F119EBB1C800A14092 /* LanScanTests */ = {
			isa = PBXNativeTarget;
			buildConfigurationList = 0E12B40619EBB1C800A14092 /* Build configuration list for PBXNativeTarget "LanScanTests" */;
			buildPhases = (
				0E12B3EE19EBB1C800A14092 /* Sources */,
				0E12B3EF19EBB1C800A14092 /* Frameworks */,
				0E12B3F019EBB1C800A14092 /* Resources */,
			);
			buildRules = (
			);
			dependencies = (
				0E12B3F819EBB1C800A14092 /* PBXTargetDependency */,
			);
			name = LanScanTests;
			productName = LanScanTests;
			productReference = 0E12B3F219EBB1C800A14092 /* LanScanTests.xctest */;
			productType = "com.apple.product-type.bundle.unit-test";
		};
/* End PBXNativeTarget section */

/* Begin PBXProject section */
		0E12B3C919EBB1C700A14092 /* Project object */ = {
			isa = PBXProject;
			attributes = {
				LastUpgradeCheck = 0510;
				ORGANIZATIONNAME = webuser;
				TargetAttributes = {
					0E12B3F119EBB1C800A14092 = {
						TestTargetID = 0E12B3D019EBB1C700A14092;
					};
				};
			};
			buildConfigurationList = 0E12B3CC19EBB1C700A14092 /* Build configuration list for PBXProject "LanScan" */;
			compatibilityVersion = "Xcode 3.2";
			developmentRegion = English;
			hasScannedForEncodings = 0;
			knownRegions = (
				en,
				Base,
			);
			mainGroup = 0E12B3C819EBB1C700A14092;
			productRefGroup = 0E12B3D219EBB1C700A14092 /* Products */;
			projectDirPath = "";
			projectRoot = "";
			targets = (
				0E12B3D019EBB1C700A14092 /* LanScan */,
				0E12B3F119EBB1C800A14092 /* LanScanTests */,
			);
		};
/* End PBXProject section */

/* Begin PBXResourcesBuildPhase section */
		0E12B3CF19EBB1C700A14092 /* Resources */ = {
			isa = PBXResourcesBuildPhase;
			buildActionMask = 2147483647;
			files = (
				0E12B3ED19EBB1C800A14092 /* Images.xcassets in Resources */,
				0E12B3DF19EBB1C800A14092 /* InfoPlist.strings in Resources */,
				0E12B3E819EBB1C800A14092 /* Main.storyboard in Resources */,
			);
			runOnlyForDeploymentPostprocessing = 0;
		};
		0E12B3F019EBB1C800A14092 /* Resources */ = {
			isa = PBXResourcesBuildPhase;
			buildActionMask = 2147483647;
			files = (
			);
			runOnlyForDeploymentPostprocessing = 0;
		};
/* End PBXResourcesBuildPhase section */

/* Begin PBXSourcesBuildPhase section */
		0E12B3CD19EBB1C700A14092 /* Sources */ = {
			isa = PBXSourcesBuildPhase;
			buildActionMask = 2147483647;
			files = (
				0E12B3EB19EBB1C800A14092 /* ViewController.m in Sources */,
				0E84D6101A134070004532D6 /* NginxViewController.m in Sources */,
				0E3F8B1C1A11F68C00EA9095 /* Nginx.m in Sources */,
				0E12B40F19EBB21D00A14092 /* NetUtils.m in Sources */,
				0E12B3E519EBB1C800A14092 /* AppDelegate.m in Sources */,
				0E12B3E119EBB1C800A14092 /* main.m in Sources */,
			);
			runOnlyForDeploymentPostprocessing = 0;
		};
		0E12B3EE19EBB1C800A14092 /* Sources */ = {
			isa = PBXSourcesBuildPhase;
			buildActionMask = 2147483647;
			files = (
			);
			runOnlyForDeploymentPostprocessing = 0;
		};
/* End PBXSourcesBuildPhase section */

/* Begin PBXTargetDependency section */
		0E12B3F819EBB1C800A14092 /* PBXTargetDependency */ = {
			isa = PBXTargetDependency;
			target = 0E12B3D019EBB1C700A14092 /* LanScan */;
			targetProxy = 0E12B3F719EBB1C800A14092 /* PBXContainerItemProxy */;
		};
/* End PBXTargetDependency section */

/* Begin PBXVariantGroup section */
		0E12B3DD19EBB1C800A14092 /* InfoPlist.strings */ = {
			isa = PBXVariantGroup;
			children = (
				0E12B3DE19EBB1C800A14092 /* en */,
			);
			name = InfoPlist.strings;
			sourceTree = "<group>";
		};
		0E12B3E619EBB1C800A14092 /* Main.storyboard */ = {
			isa = PBXVariantGroup;
			children = (
				0E12B3E719EBB1C800A14092 /* Base */,
			);
			name = Main.storyboard;
			sourceTree = "<group>";
		};
/* End PBXVariantGroup section */

/* Begin XCBuildConfiguration section */
		0E12B40119EBB1C800A14092 /* Debug */ = {
			isa = XCBuildConfiguration;
			buildSettings = {
				ALWAYS_SEARCH_USER_PATHS = NO;
				CLANG_CXX_LANGUAGE_STANDARD = "gnu++0x";
				CLANG_CXX_LIBRARY = "libc++";
				CLANG_ENABLE_MODULES = YES;
				CLANG_ENABLE_OBJC_ARC = YES;
				CLANG_WARN_BOOL_CONVERSION = YES;
				CLANG_WARN_CONSTANT_CONVERSION = YES;
				CLANG_WARN_DIRECT_OBJC_ISA_USAGE = YES_ERROR;
				CLANG_WARN_EMPTY_BODY = YES;
				CLANG_WARN_ENUM_CONVERSION = YES;
				CLANG_WARN_INT_CONVERSION = YES;
				CLANG_WARN_OBJC_ROOT_CLASS = YES_ERROR;
				CLANG_WARN__DUPLICATE_METHOD_MATCH = YES;
				"CODE_SIGN_IDENTITY[sdk=iphoneos*]" = "iPhone Developer";
				COPY_PHASE_STRIP = NO;
				GCC_C_LANGUAGE_STANDARD = gnu99;
				GCC_DYNAMIC_NO_PIC = NO;
				GCC_OPTIMIZATION_LEVEL = 0;
				GCC_PREPROCESSOR_DEFINITIONS = (
					"DEBUG=1",
					"$(inherited)",
				);
				GCC_SYMBOLS_PRIVATE_EXTERN = NO;
				GCC_WARN_64_TO_32_BIT_CONVERSION = YES;
				GCC_WARN_ABOUT_RETURN_TYPE = YES_ERROR;
				GCC_WARN_UNDECLARED_SELECTOR = YES;
				GCC_WARN_UNINITIALIZED_AUTOS = YES_AGGRESSIVE;
				GCC_WARN_UNUSED_FUNCTION = YES;
				GCC_WARN_UNUSED_VARIABLE = YES;
				IPHONEOS_DEPLOYMENT_TARGET = 7.1;
				ONLY_ACTIVE_ARCH = YES;
				SDKROOT = iphoneos;
			};
			name = Debug;
		};
		0E12B40219EBB1C800A14092 /* Release */ = {
			isa = XCBuildConfiguration;
			buildSettings = {
				ALWAYS_SEARCH_USER_PATHS = NO;
				CLANG_CXX_LANGUAGE_STANDARD = "gnu++0x";
				CLANG_CXX_LIBRARY = "libc++";
				CLANG_ENABLE_MODULES = YES;
				CLANG_ENABLE_OBJC_ARC = YES;
				CLANG_WARN_BOOL_CONVERSION = YES;
				CLANG_WARN_CONSTANT_CONVERSION = YES;
				CLANG_WARN_DIRECT_OBJC_ISA_USAGE = YES_ERROR;
				CLANG_WARN_EMPTY_BODY = YES;
				CLANG_WARN_ENUM_CONVERSION = YES;
				CLANG_WARN_INT_CONVERSION = YES;
				CLANG_WARN_OBJC_ROOT_CLASS = YES_ERROR;
				CLANG_WARN__DUPLICATE_METHOD_MATCH = YES;
				"CODE_SIGN_IDENTITY[sdk=iphoneos*]" = "iPhone Developer";
				COPY_PHASE_STRIP = YES;
				ENABLE_NS_ASSERTIONS = NO;
				GCC_C_LANGUAGE_STANDARD = gnu99;
				GCC_WARN_64_TO_32_BIT_CONVERSION = YES;
				GCC_WARN_ABOUT_RETURN_TYPE = YES_ERROR;
				GCC_WARN_UNDECLARED_SELECTOR = YES;
				GCC_WARN_UNINITIALIZED_AUTOS = YES_AGGRESSIVE;
				GCC_WARN_UNUSED_FUNCTION = YES;
				GCC_WARN_UNUSED_VARIABLE = YES;
				IPHONEOS_DEPLOYMENT_TARGET = 7.1;
				SDKROOT = iphoneos;
				VALIDATE_PRODUCT = YES;
			};
			name = Release;
		};
		0E12B40419EBB1C800A14092 /* Debug */ = {
			isa = XCBuildConfiguration;
			buildSettings = {
				ASSETCATALOG_COMPILER_APPICON_NAME = AppIcon;
				ASSETCATALOG_COMPILER_LAUNCHIMAGE_NAME = LaunchImage;
				GCC_PRECOMPILE_PREFIX_HEADER = YES;
				GCC_PREFIX_HEADER = "LanScan/LanScan-Prefix.pch";
				INFOPLIST_FILE = "LanScan/LanScan-Info.plist";
				IPHONEOS_DEPLOYMENT_TARGET = 6.0;
				PRODUCT_NAME = "$(TARGET_NAME)";
				WRAPPER_EXTENSION = app;
			};
			name = Debug;
		};
		0E12B40519EBB1C800A14092 /* Release */ = {
			isa = XCBuildConfiguration;
			buildSettings = {
				ASSETCATALOG_COMPILER_APPICON_NAME = AppIcon;
				ASSETCATALOG_COMPILER_LAUNCHIMAGE_NAME = LaunchImage;
				GCC_PRECOMPILE_PREFIX_HEADER = YES;
				GCC_PREFIX_HEADER = "LanScan/LanScan-Prefix.pch";
				INFOPLIST_FILE = "LanScan/LanScan-Info.plist";
				IPHONEOS_DEPLOYMENT_TARGET = 6.0;
				PRODUCT_NAME = "$(TARGET_NAME)";
				WRAPPER_EXTENSION = app;
			};
			name = Release;
		};
		0E12B40719EBB1C800A14092 /* Debug */ = {
			isa = XCBuildConfiguration;
			buildSettings = {
				BUNDLE_LOADER = "$(BUILT_PRODUCTS_DIR)/LanScan.app/LanScan";
				FRAMEWORK_SEARCH_PATHS = (
					"$(SDKROOT)/Developer/Library/Frameworks",
					"$(inherited)",
					"$(DEVELOPER_FRAMEWORKS_DIR)",
				);
				GCC_PRECOMPILE_PREFIX_HEADER = YES;
				GCC_PREFIX_HEADER = "LanScan/LanScan-Prefix.pch";
				GCC_PREPROCESSOR_DEFINITIONS = (
					"DEBUG=1",
					"$(inherited)",
				);
				INFOPLIST_FILE = "LanScanTests/LanScanTests-Info.plist";
				PRODUCT_NAME = "$(TARGET_NAME)";
				TEST_HOST = "$(BUNDLE_LOADER)";
				WRAPPER_EXTENSION = xctest;
			};
			name = Debug;
		};
		0E12B40819EBB1C800A14092 /* Release */ = {
			isa = XCBuildConfiguration;
			buildSettings = {
				BUNDLE_LOADER = "$(BUILT_PRODUCTS_DIR)/LanScan.app/LanScan";
				FRAMEWORK_SEARCH_PATHS = (
					"$(SDKROOT)/Developer/Library/Frameworks",
					"$(inherited)",
					"$(DEVELOPER_FRAMEWORKS_DIR)",
				);
				GCC_PRECOMPILE_PREFIX_HEADER = YES;
				GCC_PREFIX_HEADER = "LanScan/LanScan-Prefix.pch";
				INFOPLIST_FILE = "LanScanTests/LanScanTests-Info.plist";
				PRODUCT_NAME = "$(TARGET_NAME)";
				TEST_HOST = "$(BUNDLE_LOADER)";
				WRAPPER_EXTENSION = xctest;
			};
			name = Release;
		};
/* End XCBuildConfiguration section */

/* Begin XCConfigurationList section */
		0E12B3CC19EBB1C700A14092 /* Build configuration list for PBXProject "LanScan" */ = {
			isa = XCConfigurationList;
			buildConfigurations = (
				0E12B40119EBB1C800A14092 /* Debug */,
				0E12B40219EBB1C800A14092 /* Release */,
			);
			defaultConfigurationIsVisible = 0;
			defaultConfigurationName = Release;
		};
		0E12B40319EBB1C800A14092 /* Build configuration list for PBXNativeTarget "LanScan" */ = {
			isa = XCConfigurationList;
			buildConfigurations = (
				0E12B40419EBB1C800A14092 /* Debug */,
				0E12B40519EBB1C800A14092 /* Release */,
			);
			defaultConfigurationIsVisible = 0;
			defaultConfigurationName = Release;
		};
		0E12B40619EBB1C800A14092 /* Build configuration list for PBXNativeTarget "LanScanTests" */ = {
			isa = XCConfigurationList;
			buildConfigurations = (
				0E12B40719EBB1C800A14092 /* Debug */,
				0E12B40819EBB1C800A14092 /* Release */,
			);
			defaultConfigurationIsVisible = 0;
			defaultConfigurationName = Release;
		};
/* End XCConfigurationList section */
	};
	rootObject = 0E12B3C919EBB1C700A14092 /* Project object */;
}
